// !$*UTF8*$!
{
	archiveVersion = 1;
	classes = {
	};
	objectVersion = 55;
	objects = {

/* Begin PBXBuildFile section */
		1891B54E28D1B00D00935AC3 /* MovieViewController.swift in Sources */ = {isa = PBXBuildFile; fileRef = 1891B54D28D1B00D00935AC3 /* MovieViewController.swift */; };
		1891B55028D1B5EA00935AC3 /* Movie.xib in Resources */ = {isa = PBXBuildFile; fileRef = 1891B54F28D1B5EA00935AC3 /* Movie.xib */; };
		1891B55228D1E23700935AC3 /* Header.xib in Resources */ = {isa = PBXBuildFile; fileRef = 1891B55128D1E23700935AC3 /* Header.xib */; };
		1891B55428D1E9CB00935AC3 /* MovieDetailsViewController.swift in Sources */ = {isa = PBXBuildFile; fileRef = 1891B55328D1E9CB00935AC3 /* MovieDetailsViewController.swift */; };
		18987C5028BC8507006F3505 /* AppDelegate.swift in Sources */ = {isa = PBXBuildFile; fileRef = 18987C4F28BC8507006F3505 /* AppDelegate.swift */; };
		18987C5228BC8507006F3505 /* SceneDelegate.swift in Sources */ = {isa = PBXBuildFile; fileRef = 18987C5128BC8507006F3505 /* SceneDelegate.swift */; };
		18987C5428BC8507006F3505 /* ViewController.swift in Sources */ = {isa = PBXBuildFile; fileRef = 18987C5328BC8507006F3505 /* ViewController.swift */; };
		18987C5728BC8507006F3505 /* Main.storyboard in Resources */ = {isa = PBXBuildFile; fileRef = 18987C5528BC8507006F3505 /* Main.storyboard */; };
		18987C5928BC850A006F3505 /* Assets.xcassets in Resources */ = {isa = PBXBuildFile; fileRef = 18987C5828BC850A006F3505 /* Assets.xcassets */; };
		18987C5C28BC850A006F3505 /* LaunchScreen.storyboard in Resources */ = {isa = PBXBuildFile; fileRef = 18987C5A28BC850A006F3505 /* LaunchScreen.storyboard */; };
/* End PBXBuildFile section */

/* Begin PBXFileReference section */
		1891B54D28D1B00D00935AC3 /* MovieViewController.swift */ = {isa = PBXFileReference; lastKnownFileType = sourcecode.swift; path = MovieViewController.swift; sourceTree = "<group>"; };
		1891B54F28D1B5EA00935AC3 /* Movie.xib */ = {isa = PBXFileReference; lastKnownFileType = file.xib; path = Movie.xib; sourceTree = "<group>"; };
		1891B55128D1E23700935AC3 /* Header.xib */ = {isa = PBXFileReference; lastKnownFileType = file.xib; path = Header.xib; sourceTree = "<group>"; };
		1891B55328D1E9CB00935AC3 /* MovieDetailsViewController.swift */ = {isa = PBXFileReference; lastKnownFileType = sourcecode.swift; path = MovieDetailsViewController.swift; sourceTree = "<group>"; };
		18987C4C28BC8507006F3505 /* Fakestore.app */ = {isa = PBXFileReference; explicitFileType = wrapper.application; includeInIndex = 0; path = Fakestore.app; sourceTree = BUILT_PRODUCTS_DIR; };
		18987C4F28BC8507006F3505 /* AppDelegate.swift */ = {isa = PBXFileReference; lastKnownFileType = sourcecode.swift; path = AppDelegate.swift; sourceTree = "<group>"; };
		18987C5128BC8507006F3505 /* SceneDelegate.swift */ = {isa = PBXFileReference; lastKnownFileType = sourcecode.swift; path = SceneDelegate.swift; sourceTree = "<group>"; };
		18987C5328BC8507006F3505 /* ViewController.swift */ = {isa = PBXFileReference; lastKnownFileType = sourcecode.swift; path = ViewController.swift; sourceTree = "<group>"; };
		18987C5628BC8507006F3505 /* Base */ = {isa = PBXFileReference; lastKnownFileType = file.storyboard; name = Base; path = Base.lproj/Main.storyboard; sourceTree = "<group>"; };
		18987C5828BC850A006F3505 /* Assets.xcassets */ = {isa = PBXFileReference; lastKnownFileType = folder.assetcatalog; path = Assets.xcassets; sourceTree = "<group>"; };
		18987C5B28BC850A006F3505 /* Base */ = {isa = PBXFileReference; lastKnownFileType = file.storyboard; name = Base; path = Base.lproj/LaunchScreen.storyboard; sourceTree = "<group>"; };
		18987C5D28BC850A006F3505 /* Info.plist */ = {isa = PBXFileReference; lastKnownFileType = text.plist.xml; path = Info.plist; sourceTree = "<group>"; };
/* End PBXFileReference section */

/* Begin PBXFrameworksBuildPhase section */
		18987C4928BC8507006F3505 /* Frameworks */ = {
			isa = PBXFrameworksBuildPhase;
			buildActionMask = 2147483647;
			files = (
			);
			runOnlyForDeploymentPostprocessing = 0;
		};
/* End PBXFrameworksBuildPhase section */

/* Begin PBXGroup section */
		18987C4328BC8507006F3505 = {
			isa = PBXGroup;
			children = (
				18987C4E28BC8507006F3505 /* Fakestore */,
				18987C4D28BC8507006F3505 /* Products */,
			);
			sourceTree = "<group>";
		};
		18987C4D28BC8507006F3505 /* Products */ = {
			isa = PBXGroup;
			children = (
				18987C4C28BC8507006F3505 /* Fakestore.app */,
			);
			name = Products;
			sourceTree = "<group>";
		};
		18987C4E28BC8507006F3505 /* Fakestore */ = {
			isa = PBXGroup;
			children = (
				18987C4F28BC8507006F3505 /* AppDelegate.swift */,
				18987C5128BC8507006F3505 /* SceneDelegate.swift */,
				18987C5328BC8507006F3505 /* ViewController.swift */,
				18987C5528BC8507006F3505 /* Main.storyboard */,
				1891B55328D1E9CB00935AC3 /* MovieDetailsViewController.swift */,
				1891B55128D1E23700935AC3 /* Header.xib */,
				1891B54D28D1B00D00935AC3 /* MovieViewController.swift */,
				1891B54F28D1B5EA00935AC3 /* Movie.xib */,
				18987C5828BC850A006F3505 /* Assets.xcassets */,
				18987C5A28BC850A006F3505 /* LaunchScreen.storyboard */,
				18987C5D28BC850A006F3505 /* Info.plist */,
			);
			path = Fakestore;
			sourceTree = "<group>";
		};
/* End PBXGroup section */

/* Begin PBXNativeTarget section */
		18987C4B28BC8507006F3505 /* Fakestore */ = {
			isa = PBXNativeTarget;
			buildConfigurationList = 18987C6028BC850A006F3505 /* Build configuration list for PBXNativeTarget "Fakestore" */;
			buildPhases = (
				18987C4828BC8507006F3505 /* Sources */,
				18987C4928BC8507006F3505 /* Frameworks */,
				18987C4A28BC8507006F3505 /* Resources */,
			);
			buildRules = (
			);
			dependencies = (
			);
			name = Fakestore;
			productName = Fakestore;
			productReference = 18987C4C28BC8507006F3505 /* Fakestore.app */;
			productType = "com.apple.product-type.application";
		};
/* End PBXNativeTarget section */

/* Begin PBXProject section */
		18987C4428BC8507006F3505 /* Project object */ = {
			isa = PBXProject;
			attributes = {
				BuildIndependentTargetsInParallel = 1;
				LastSwiftUpdateCheck = 1340;
				LastUpgradeCheck = 1340;
				TargetAttributes = {
					18987C4B28BC8507006F3505 = {
						CreatedOnToolsVersion = 13.4.1;
					};
				};
			};
			buildConfigurationList = 18987C4728BC8507006F3505 /* Build configuration list for PBXProject "Fakestore" */;
			compatibilityVersion = "Xcode 13.0";
			developmentRegion = en;
			hasScannedForEncodings = 0;
			knownRegions = (
				en,
				Base,
			);
			mainGroup = 18987C4328BC8507006F3505;
			productRefGroup = 18987C4D28BC8507006F3505 /* Products */;
			projectDirPath = "";
			projectRoot = "";
			targets = (
				18987C4B28BC8507006F3505 /* Fakestore */,
			);
		};
/* End PBXProject section */

/* Begin PBXResourcesBuildPhase section */
		18987C4A28BC8507006F3505 /* Resources */ = {
			isa = PBXResourcesBuildPhase;
			buildActionMask = 2147483647;
			files = (
				18987C5C28BC850A006F3505 /* LaunchScreen.storyboard in Resources */,
				1891B55228D1E23700935AC3 /* Header.xib in Resources */,
				18987C5928BC850A006F3505 /* Assets.xcassets in Resources */,
				1891B55028D1B5EA00935AC3 /* Movie.xib in Resources */,
				18987C5728BC8507006F3505 /* Main.storyboard in Resources */,
			);
			runOnlyForDeploymentPostprocessing = 0;
		};
/* End PBXResourcesBuildPhase section */

/* Begin PBXSourcesBuildPhase section */
		18987C4828BC8507006F3505 /* Sources */ = {
			isa = PBXSourcesBuildPhase;
			buildActionMask = 2147483647;
			files = (
				1891B55428D1E9CB00935AC3 /* MovieDetailsViewController.swift in Sources */,
				18987C5428BC8507006F3505 /* ViewController.swift in Sources */,
				18987C5028BC8507006F3505 /* AppDelegate.swift in Sources */,
				18987C5228BC8507006F3505 /* SceneDelegate.swift in Sources */,
				1891B54E28D1B00D00935AC3 /* MovieViewController.swift in Sources */,
			);
			runOnlyForDeploymentPostprocessing = 0;
		};
/* End PBXSourcesBuildPhase section */

/* Begin PBXVariantGroup section */
		18987C5528BC8507006F3505 /* Main.storyboard */ = {
			isa = PBXVariantGroup;
			children = (
				18987C5628BC8507006F3505 /* Base */,
			);
			name = Main.storyboard;
			sourceTree = "<group>";
		};
		18987C5A28BC850A006F3505 /* LaunchScreen.storyboard */ = {
			isa = PBXVariantGroup;
			children = (
				18987C5B28BC850A006F3505 /* Base */,
			);
			name = LaunchScreen.storyboard;
			sourceTree = "<group>";
		};
/* End PBXVariantGroup section */

/* Begin XCBuildConfiguration section */
		18987C5E28BC850A006F3505 /* Debug */ = {
			isa = XCBuildConfiguration;
			buildSettings = {
				ALWAYS_SEARCH_USER_PATHS = NO;
				CLANG_ANALYZER_NONNULL = YES;
				CLANG_ANALYZER_NUMBER_OBJECT_CONVERSION = YES_AGGRESSIVE;
				CLANG_CXX_LANGUAGE_STANDARD = "gnu++17";
				CLANG_ENABLE_MODULES = YES;
				CLANG_ENABLE_OBJC_ARC = YES;
				CLANG_ENABLE_OBJC_WEAK = YES;
				CLANG_WARN_BLOCK_CAPTURE_AUTORELEASING = YES;
				CLANG_WARN_BOOL_CONVERSION = YES;
				CLANG_WARN_COMMA = YES;
				CLANG_WARN_CONSTANT_CONVERSION = YES;
				CLANG_WARN_DEPRECATED_OBJC_IMPLEMENTATIONS = YES;
				CLANG_WARN_DIRECT_OBJC_ISA_USAGE = YES_ERROR;
				CLANG_WARN_DOCUMENTATION_COMMENTS = YES;
				CLANG_WARN_EMPTY_BODY = YES;
				CLANG_WARN_ENUM_CONVERSION = YES;
				CLANG_WARN_INFINITE_RECURSION = YES;
				CLANG_WARN_INT_CONVERSION = YES;
				CLANG_WARN_NON_LITERAL_NULL_CONVERSION = YES;
				CLANG_WARN_OBJC_IMPLICIT_RETAIN_SELF = YES;
				CLANG_WARN_OBJC_LITERAL_CONVERSION = YES;
				CLANG_WARN_OBJC_ROOT_CLASS = YES_ERROR;
				CLANG_WARN_QUOTED_INCLUDE_IN_FRAMEWORK_HEADER = YES;
				CLANG_WARN_RANGE_LOOP_ANALYSIS = YES;
				CLANG_WARN_STRICT_PROTOTYPES = YES;
				CLANG_WARN_SUSPICIOUS_MOVE = YES;
				CLANG_WARN_UNGUARDED_AVAILABILITY = YES_AGGRESSIVE;
				CLANG_WARN_UNREACHABLE_CODE = YES;
				CLANG_WARN__DUPLICATE_METHOD_MATCH = YES;
				COPY_PHASE_STRIP = NO;
				DEBUG_INFORMATION_FORMAT = dwarf;
				ENABLE_STRICT_OBJC_MSGSEND = YES;
				ENABLE_TESTABILITY = YES;
				GCC_C_LANGUAGE_STANDARD = gnu11;
				GCC_DYNAMIC_NO_PIC = NO;
				GCC_NO_COMMON_BLOCKS = YES;
				GCC_OPTIMIZATION_LEVEL = 0;
				GCC_PREPROCESSOR_DEFINITIONS = (
					"DEBUG=1",
					"$(inherited)",
				);
				GCC_WARN_64_TO_32_BIT_CONVERSION = YES;
				GCC_WARN_ABOUT_RETURN_TYPE = YES_ERROR;
				GCC_WARN_UNDECLARED_SELECTOR = YES;
				GCC_WARN_UNINITIALIZED_AUTOS = YES_AGGRESSIVE;
				GCC_WARN_UNUSED_FUNCTION = YES;
				GCC_WARN_UNUSED_VARIABLE = YES;
				IPHONEOS_DEPLOYMENT_TARGET = 15.5;
				MTL_ENABLE_DEBUG_INFO = INCLUDE_SOURCE;
				MTL_FAST_MATH = YES;
				ONLY_ACTIVE_ARCH = YES;
				SDKROOT = iphoneos;
				SWIFT_ACTIVE_COMPILATION_CONDITIONS = DEBUG;
				SWIFT_OPTIMIZATION_LEVEL = "-Onone";
			};
			name = Debug;
		};
		18987C5F28BC850A006F3505 /* Release */ = {
			isa = XCBuildConfiguration;
			buildSettings = {
				ALWAYS_SEARCH_USER_PATHS = NO;
				CLANG_ANALYZER_NONNULL = YES;
				CLANG_ANALYZER_NUMBER_OBJECT_CONVERSION = YES_AGGRESSIVE;
				CLANG_CXX_LANGUAGE_STANDARD = "gnu++17";
				CLANG_ENABLE_MODULES = YES;
				CLANG_ENABLE_OBJC_ARC = YES;
				CLANG_ENABLE_OBJC_WEAK = YES;
				CLANG_WARN_BLOCK_CAPTURE_AUTORELEASING = YES;
				CLANG_WARN_BOOL_CONVERSION = YES;
				CLANG_WARN_COMMA = YES;
				CLANG_WARN_CONSTANT_CONVERSION = YES;
				CLANG_WARN_DEPRECATED_OBJC_IMPLEMENTATIONS = YES;
				CLANG_WARN_DIRECT_OBJC_ISA_USAGE = YES_ERROR;
				CLANG_WARN_DOCUMENTATION_COMMENTS = YES;
				CLANG_WARN_EMPTY_BODY = YES;
				CLANG_WARN_ENUM_CONVERSION = YES;
				CLANG_WARN_INFINITE_RECURSION = YES;
				CLANG_WARN_INT_CONVERSION = YES;
				CLANG_WARN_NON_LITERAL_NULL_CONVERSION = YES;
				CLANG_WARN_OBJC_IMPLICIT_RETAIN_SELF = YES;
				CLANG_WARN_OBJC_LITERAL_CONVERSION = YES;
				CLANG_WARN_OBJC_ROOT_CLASS = YES_ERROR;
				CLANG_WARN_QUOTED_INCLUDE_IN_FRAMEWORK_HEADER = YES;
				CLANG_WARN_RANGE_LOOP_ANALYSIS = YES;
				CLANG_WARN_STRICT_PROTOTYPES = YES;
				CLANG_WARN_SUSPICIOUS_MOVE = YES;
				CLANG_WARN_UNGUARDED_AVAILABILITY = YES_AGGRESSIVE;
				CLANG_WARN_UNREACHABLE_CODE = YES;
				CLANG_WARN__DUPLICATE_METHOD_MATCH = YES;
				COPY_PHASE_STRIP = NO;
				DEBUG_INFORMATION_FORMAT = "dwarf-with-dsym";
				ENABLE_NS_ASSERTIONS = NO;
				ENABLE_STRICT_OBJC_MSGSEND = YES;
				GCC_C_LANGUAGE_STANDARD = gnu11;
				GCC_NO_COMMON_BLOCKS = YES;
				GCC_WARN_64_TO_32_BIT_CONVERSION = YES;
				GCC_WARN_ABOUT_RETURN_TYPE = YES_ERROR;
				GCC_WARN_UNDECLARED_SELECTOR = YES;
				GCC_WARN_UNINITIALIZED_AUTOS = YES_AGGRESSIVE;
				GCC_WARN_UNUSED_FUNCTION = YES;
				GCC_WARN_UNUSED_VARIABLE = YES;
				IPHONEOS_DEPLOYMENT_TARGET = 15.5;
				MTL_ENABLE_DEBUG_INFO = NO;
				MTL_FAST_MATH = YES;
				SDKROOT = iphoneos;
				SWIFT_COMPILATION_MODE = wholemodule;
				SWIFT_OPTIMIZATION_LEVEL = "-O";
				VALIDATE_PRODUCT = YES;
			};
			name = Release;
		};
		18987C6128BC850A006F3505 /* Debug */ = {
			isa = XCBuildConfiguration;
			buildSettings = {
				ASSETCATALOG_COMPILER_APPICON_NAME = AppIcon;
				ASSETCATALOG_COMPILER_GLOBAL_ACCENT_COLOR_NAME = AccentColor;
				CODE_SIGN_STYLE = Automatic;
				CURRENT_PROJECT_VERSION = 1;
				GENERATE_INFOPLIST_FILE = YES;
				INFOPLIST_FILE = Fakestore/Info.plist;
				INFOPLIST_KEY_UIApplicationSupportsIndirectInputEvents = YES;
				INFOPLIST_KEY_UILaunchStoryboardName = LaunchScreen;
				INFOPLIST_KEY_UIMainStoryboardFile = Main;
				INFOPLIST_KEY_UISupportedInterfaceOrientations_iPad = "UIInterfaceOrientationPortrait UIInterfaceOrientationPortraitUpsideDown UIInterfaceOrientationLandscapeLeft UIInterfaceOrientationLandscapeRight";
				INFOPLIST_KEY_UISupportedInterfaceOrientations_iPhone = "UIInterfaceOrientationPortrait UIInterfaceOrientationLandscapeLeft UIInterfaceOrientationLandscapeRight";
				LD_RUNPATH_SEARCH_PATHS = (
					"$(inherited)",
					"@executable_path/Frameworks",
				);
				MARKETING_VERSION = 1.0;
				PRODUCT_BUNDLE_IDENTIFIER = tt.Fakestore;
				PRODUCT_NAME = "$(TARGET_NAME)";
				SWIFT_EMIT_LOC_STRINGS = YES;
				SWIFT_VERSION = 5.0;
				TARGETED_DEVICE_FAMILY = "1,2";
			};
			name = Debug;
		};
		18987C6228BC850A006F3505 /* Release */ = {
			isa = XCBuildConfiguration;
			buildSettings = {
				ASSETCATALOG_COMPILER_APPICON_NAME = AppIcon;
				ASSETCATALOG_COMPILER_GLOBAL_ACCENT_COLOR_NAME = AccentColor;
				CODE_SIGN_STYLE = Automatic;
				CURRENT_PROJECT_VERSION = 1;
				GENERATE_INFOPLIST_FILE = YES;
				INFOPLIST_FILE = Fakestore/Info.plist;
				INFOPLIST_KEY_UIApplicationSupportsIndirectInputEvents = YES;
				INFOPLIST_KEY_UILaunchStoryboardName = LaunchScreen;
				INFOPLIST_KEY_UIMainStoryboardFile = Main;
				INFOPLIST_KEY_UISupportedInterfaceOrientations_iPad = "UIInterfaceOrientationPortrait UIInterfaceOrientationPortraitUpsideDown UIInterfaceOrientationLandscapeLeft UIInterfaceOrientationLandscapeRight";
				INFOPLIST_KEY_UISupportedInterfaceOrientations_iPhone = "UIInterfaceOrientationPortrait UIInterfaceOrientationLandscapeLeft UIInterfaceOrientationLandscapeRight";
				LD_RUNPATH_SEARCH_PATHS = (
					"$(inherited)",
					"@executable_path/Frameworks",
				);
				MARKETING_VERSION = 1.0;
				PRODUCT_BUNDLE_IDENTIFIER = tt.Fakestore;
				PRODUCT_NAME = "$(TARGET_NAME)";
				SWIFT_EMIT_LOC_STRINGS = YES;
				SWIFT_VERSION = 5.0;
				TARGETED_DEVICE_FAMILY = "1,2";
			};
			name = Release;
		};
/* End XCBuildConfiguration section */

/* Begin XCConfigurationList section */
		18987C4728BC8507006F3505 /* Build configuration list for PBXProject "Fakestore" */ = {
			isa = XCConfigurationList;
			buildConfigurations = (
				18987C5E28BC850A006F3505 /* Debug */,
				18987C5F28BC850A006F3505 /* Release */,
			);
			defaultConfigurationIsVisible = 0;
			defaultConfigurationName = Release;
		};
		18987C6028BC850A006F3505 /* Build configuration list for PBXNativeTarget "Fakestore" */ = {
			isa = XCConfigurationList;
			buildConfigurations = (
				18987C6128BC850A006F3505 /* Debug */,
				18987C6228BC850A006F3505 /* Release */,
			);
			defaultConfigurationIsVisible = 0;
			defaultConfigurationName = Release;
		};
/* End XCConfigurationList section */
	};
	rootObject = 18987C4428BC8507006F3505 /* Project object */;
}
